// !$*UTF8*$!
{
	archiveVersion = 1;
	classes = {
	};
	objectVersion = 50;
	objects = {

/* Begin PBXFileReference section */
		E80462C226A300BC0093598A /* reverse.h */ = {isa = PBXFileReference; lastKnownFileType = sourcecode.c.h; path = reverse.h; sourceTree = "<group>"; };
		E80462C326A300BC0093598A /* hwcontext.h */ = {isa = PBXFileReference; lastKnownFileType = sourcecode.c.h; path = hwcontext.h; sourceTree = "<group>"; };
		E80462C426A300BC0093598A /* time.h */ = {isa = PBXFileReference; lastKnownFileType = sourcecode.c.h; path = time.h; sourceTree = "<group>"; };
		E80462C526A300BC0093598A /* dict.c */ = {isa = PBXFileReference; lastKnownFileType = sourcecode.c.c; path = dict.c; sourceTree = "<group>"; };
		E80462C626A300BC0093598A /* hwcontext_cuda.h */ = {isa = PBXFileReference; lastKnownFileType = sourcecode.c.h; path = hwcontext_cuda.h; sourceTree = "<group>"; };
		E80462C726A300BC0093598A /* intfloat.h */ = {isa = PBXFileReference; lastKnownFileType = sourcecode.c.h; path = intfloat.h; sourceTree = "<group>"; };
		E80462C826A300BC0093598A /* aes.c */ = {isa = PBXFileReference; lastKnownFileType = sourcecode.c.c; path = aes.c; sourceTree = "<group>"; };
		E80462C926A300BC0093598A /* mastering_display_metadata.c */ = {isa = PBXFileReference; lastKnownFileType = sourcecode.c.c; path = mastering_display_metadata.c; sourceTree = "<group>"; };
		E80462CA26A300BC0093598A /* log.c */ = {isa = PBXFileReference; lastKnownFileType = sourcecode.c.c; path = log.c; sourceTree = "<group>"; };
		E80462CB26A300BC0093598A /* opt.c */ = {isa = PBXFileReference; lastKnownFileType = sourcecode.c.c; path = opt.c; sourceTree = "<group>"; };
		E80462CC26A300BC0093598A /* error.h */ = {isa = PBXFileReference; lastKnownFileType = sourcecode.c.h; path = error.h; sourceTree = "<group>"; };
		E80462CD26A300BC0093598A /* random_seed.c */ = {isa = PBXFileReference; lastKnownFileType = sourcecode.c.c; path = random_seed.c; sourceTree = "<group>"; };
		E80462CE26A300BC0093598A /* pixelutils.c */ = {isa = PBXFileReference; lastKnownFileType = sourcecode.c.c; path = pixelutils.c; sourceTree = "<group>"; };
		E80462CF26A300BC0093598A /* hwcontext_drm.c */ = {isa = PBXFileReference; lastKnownFileType = sourcecode.c.c; path = hwcontext_drm.c; sourceTree = "<group>"; };
		E80462D026A300BC0093598A /* avutilres.rc */ = {isa = PBXFileReference; lastKnownFileType = text; path = avutilres.rc; sourceTree = "<group>"; };
		E80462D126A300BC0093598A /* eval.c */ = {isa = PBXFileReference; lastKnownFileType = sourcecode.c.c; path = eval.c; sourceTree = "<group>"; };
		E80462D226A300BC0093598A /* hmac.c */ = {isa = PBXFileReference; lastKnownFileType = sourcecode.c.c; path = hmac.c; sourceTree = "<group>"; };
		E80462D326A300BC0093598A /* detection_bbox.h */ = {isa = PBXFileReference; lastKnownFileType = sourcecode.c.h; path = detection_bbox.h; sourceTree = "<group>"; };
		E80462D426A300BC0093598A /* color_utils.h */ = {isa = PBXFileReference; lastKnownFileType = sourcecode.c.h; path = color_utils.h; sourceTree = "<group>"; };
		E80462D526A300BC0093598A /* fifo.h */ = {isa = PBXFileReference; lastKnownFileType = sourcecode.c.h; path = fifo.h; sourceTree = "<group>"; };
		E80462D626A300BC0093598A /* hwcontext_dxva2.c */ = {isa = PBXFileReference; lastKnownFileType = sourcecode.c.c; path = hwcontext_dxva2.c; sourceTree = "<group>"; };
		E80462D726A300BC0093598A /* camellia.c */ = {isa = PBXFileReference; lastKnownFileType = sourcecode.c.c; path = camellia.c; sourceTree = "<group>"; };
		E80462D826A300BC0093598A /* blowfish.h */ = {isa = PBXFileReference; lastKnownFileType = sourcecode.c.h; path = blowfish.h; sourceTree = "<group>"; };
		E80462D926A300BC0093598A /* hwcontext_mediacodec.h */ = {isa = PBXFileReference; lastKnownFileType = sourcecode.c.h; path = hwcontext_mediacodec.h; sourceTree = "<group>"; };
		E80462DA26A300BC0093598A /* buffer.c */ = {isa = PBXFileReference; lastKnownFileType = sourcecode.c.c; path = buffer.c; sourceTree = "<group>"; };
		E80462DB26A300BC0093598A /* display.c */ = {isa = PBXFileReference; lastKnownFileType = sourcecode.c.c; path = display.c; sourceTree = "<group>"; };
		E80462DC26A300BC0093598A /* avr32 */ = {isa = PBXFileReference; lastKnownFileType = folder; path = avr32; sourceTree = "<group>"; };
		E80462DD26A300BC0093598A /* replaygain.h */ = {isa = PBXFileReference; lastKnownFileType = sourcecode.c.h; path = replaygain.h; sourceTree = "<group>"; };
		E80462DE26A300BC0093598A /* internal.h */ = {isa = PBXFileReference; lastKnownFileType = sourcecode.c.h; path = internal.h; sourceTree = "<group>"; };
		E80462DF26A300BC0093598A /* tablegen.h */ = {isa = PBXFileReference; lastKnownFileType = sourcecode.c.h; path = tablegen.h; sourceTree = "<group>"; };
		E80462E026A300BC0093598A /* fixed_dsp.h */ = {isa = PBXFileReference; lastKnownFileType = sourcecode.c.h; path = fixed_dsp.h; sourceTree = "<group>"; };
		E80462E126A300BC0093598A /* file_open.c */ = {isa = PBXFileReference; lastKnownFileType = sourcecode.c.c; path = file_open.c; sourceTree = "<group>"; };
		E80462E226A300BC0093598A /* sh4 */ = {isa = PBXFileReference; lastKnownFileType = folder; path = sh4; sourceTree = "<group>"; };
		E80462E326A300BC0093598A /* version.h */ = {isa = PBXFileReference; lastKnownFileType = sourcecode.c.h; path = version.h; sourceTree = "<group>"; };
		E80462E426A300BC0093598A /* murmur3.h */ = {isa = PBXFileReference; lastKnownFileType = sourcecode.c.h; path = murmur3.h; sourceTree = "<group>"; };
		E80462E526A300BC0093598A /* imgutils.c */ = {isa = PBXFileReference; lastKnownFileType = sourcecode.c.c; path = imgutils.c; sourceTree = "<group>"; };
		E80462E626A300BC0093598A /* slicethread.h */ = {isa = PBXFileReference; lastKnownFileType = sourcecode.c.h; path = slicethread.h; sourceTree = "<group>"; };
		E80462E726A300BC0093598A /* stereo3d.h */ = {isa = PBXFileReference; lastKnownFileType = sourcecode.c.h; path = stereo3d.h; sourceTree = "<group>"; };
		E80462E826A300BC0093598A /* buffer_internal.h */ = {isa = PBXFileReference; lastKnownFileType = sourcecode.c.h; path = buffer_internal.h; sourceTree = "<group>"; };
		E80462E926A300BC0093598A /* samplefmt.h */ = {isa = PBXFileReference; lastKnownFileType = sourcecode.c.h; path = samplefmt.h; sourceTree = "<group>"; };
		E80462EA26A300BC0093598A /* twofish.c */ = {isa = PBXFileReference; lastKnownFileType = sourcecode.c.c; path = twofish.c; sourceTree = "<group>"; };
		E80462EB26A300BC0093598A /* hwcontext_internal.h */ = {isa = PBXFileReference; lastKnownFileType = sourcecode.c.h; path = hwcontext_internal.h; sourceTree = "<group>"; };
		E80462EC26A300BC0093598A /* pixdesc.h */ = {isa = PBXFileReference; lastKnownFileType = sourcecode.c.h; path = pixdesc.h; sourceTree = "<group>"; };
		E80462ED26A300BC0093598A /* xga_font_data.h */ = {isa = PBXFileReference; lastKnownFileType = sourcecode.c.h; path = xga_font_data.h; sourceTree = "<group>"; };
		E80462EE26A300BC0093598A /* cpu.c */ = {isa = PBXFileReference; lastKnownFileType = sourcecode.c.c; path = cpu.c; sourceTree = "<group>"; };
		E80462EF26A300BC0093598A /* base64.h */ = {isa = PBXFileReference; lastKnownFileType = sourcecode.c.h; path = base64.h; sourceTree = "<group>"; };
		E80462F026A300BC0093598A /* tea.c */ = {isa = PBXFileReference; lastKnownFileType = sourcecode.c.c; path = tea.c; sourceTree = "<group>"; };
		E80462F126A300BC0093598A /* rational.h */ = {isa = PBXFileReference; lastKnownFileType = sourcecode.c.h; path = rational.h; sourceTree = "<group>"; };
		E80462F226A300BC0093598A /* sha.h */ = {isa = PBXFileReference; lastKnownFileType = sourcecode.c.h; path = sha.h; sourceTree = "<group>"; };
		E80462F326A300BC0093598A /* rc4.c */ = {isa = PBXFileReference; lastKnownFileType = sourcecode.c.c; path = rc4.c; sourceTree = "<group>"; };
		E80462F426A300BC0093598A /* motion_vector.h */ = {isa = PBXFileReference; lastKnownFileType = sourcecode.c.h; path = motion_vector.h; sourceTree = "<group>"; };
		E80462F526A300BC0093598A /* encryption_info.c */ = {isa = PBXFileReference; lastKnownFileType = sourcecode.c.c; path = encryption_info.c; sourceTree = "<group>"; };
		E80462F626A300BC0093598A /* channel_layout.c */ = {isa = PBXFileReference; lastKnownFileType = sourcecode.c.c; path = channel_layout.c; sourceTree = "<group>"; };
		E80462F726A300BC0093598A /* des.c */ = {isa = PBXFileReference; lastKnownFileType = sourcecode.c.c; path = des.c; sourceTree = "<group>"; };
		E80462F826A300BC0093598A /* lzo.c */ = {isa = PBXFileReference; lastKnownFileType = sourcecode.c.c; path = lzo.c; sourceTree = "<group>"; };
		E80462F926A300BC0093598A /* lfg.h */ = {isa = PBXFileReference; lastKnownFileType = sourcecode.c.h; path = lfg.h; sourceTree = "<group>"; };
		E80462FA26A300BC0093598A /* avutil.h */ = {isa = PBXFileReference; lastKnownFileType = sourcecode.c.h; path = avutil.h; sourceTree = "<group>"; };
		E80462FB26A300BC0093598A /* hwcontext_qsv.c */ = {isa = PBXFileReference; lastKnownFileType = sourcecode.c.c; path = hwcontext_qsv.c; sourceTree = "<group>"; };
		E80462FC26A300BC0093598A /* hwcontext_vulkan.h */ = {isa = PBXFileReference; lastKnownFileType = sourcecode.c.h; path = hwcontext_vulkan.h; sourceTree = "<group>"; };
		E80462FD26A300BC0093598A /* intmath.h */ = {isa = PBXFileReference; lastKnownFileType = sourcecode.c.h; path = intmath.h; sourceTree = "<group>"; };
		E80462FE26A300BC0093598A /* tx_template.c */ = {isa = PBXFileReference; lastKnownFileType = sourcecode.c.c; path = tx_template.c; sourceTree = "<group>"; };
		E80462FF26A300BC0093598A /* Makefile */ = {isa = PBXFileReference; lastKnownFileType = sourcecode.make; path = Makefile; sourceTree = "<group>"; };
		E804630026A300BC0093598A /* xtea.h */ = {isa = PBXFileReference; lastKnownFileType = sourcecode.c.h; path = xtea.h; sourceTree = "<group>"; };
		E804630126A300BC0093598A /* parseutils.c */ = {isa = PBXFileReference; lastKnownFileType = sourcecode.c.c; path = parseutils.c; sourceTree = "<group>"; };
		E804630226A300BC0093598A /* mem.c */ = {isa = PBXFileReference; lastKnownFileType = sourcecode.c.c; path = mem.c; sourceTree = "<group>"; };
		E804630326A300BC0093598A /* hwcontext_cuda_internal.h */ = {isa = PBXFileReference; lastKnownFileType = sourcecode.c.h; path = hwcontext_cuda_internal.h; sourceTree = "<group>"; };
		E804630426A300BC0093598A /* log2_tab.c */ = {isa = PBXFileReference; lastKnownFileType = sourcecode.c.c; path = log2_tab.c; sourceTree = "<group>"; };
		E804630526A300BC0093598A /* hdr_dynamic_metadata.c */ = {isa = PBXFileReference; lastKnownFileType = sourcecode.c.c; path = hdr_dynamic_metadata.c; sourceTree = "<group>"; };
		E804630626A300BC0093598A /* bprint.c */ = {isa = PBXFileReference; lastKnownFileType = sourcecode.c.c; path = bprint.c; sourceTree = "<group>"; };
		E804630726A300BC0093598A /* crc.h */ = {isa = PBXFileReference; lastKnownFileType = sourcecode.c.h; path = crc.h; sourceTree = "<group>"; };
		E804630826A300BC0093598A /* hwcontext_vdpau.h */ = {isa = PBXFileReference; lastKnownFileType = sourcecode.c.h; path = hwcontext_vdpau.h; sourceTree = "<group>"; };
		E804630926A300BC0093598A /* ripemd.c */ = {isa = PBXFileReference; lastKnownFileType = sourcecode.c.c; path = ripemd.c; sourceTree = "<group>"; };
		E804630A26A300BC0093598A /* float_dsp.h */ = {isa = PBXFileReference; lastKnownFileType = sourcecode.c.h; path = float_dsp.h; sourceTree = "<group>"; };
		E804630B26A300BC0093598A /* frame.h */ = {isa = PBXFileReference; lastKnownFileType = sourcecode.c.h; path = frame.h; sourceTree = "<group>"; };
		E804630C26A300BC0093598A /* tx_int32.c */ = {isa = PBXFileReference; lastKnownFileType = sourcecode.c.c; path = tx_int32.c; sourceTree = "<group>"; };
		E804630D26A300BC0093598A /* file.h */ = {isa = PBXFileReference; lastKnownFileType = sourcecode.c.h; path = file.h; sourceTree = "<group>"; };
		E804630E26A300BC0093598A /* md5.h */ = {isa = PBXFileReference; lastKnownFileType = sourcecode.c.h; path = md5.h; sourceTree = "<group>"; };
		E804630F26A300BC0093598A /* ppc */ = {isa = PBXFileReference; lastKnownFileType = folder; path = ppc; sourceTree = "<group>"; };
		E804631026A300BC0093598A /* video_enc_params.c */ = {isa = PBXFileReference; lastKnownFileType = sourcecode.c.c; path = video_enc_params.c; sourceTree = "<group>"; };
		E804631126A300BC0093598A /* hwcontext_videotoolbox.c */ = {isa = PBXFileReference; lastKnownFileType = sourcecode.c.c; path = hwcontext_videotoolbox.c; sourceTree = "<group>"; };
		E804631226A300BC0093598A /* cast5.h */ = {isa = PBXFileReference; lastKnownFileType = sourcecode.c.h; path = cast5.h; sourceTree = "<group>"; };
		E804631326A300BC0093598A /* pca.h */ = {isa = PBXFileReference; lastKnownFileType = sourcecode.c.h; path = pca.h; sourceTree = "<group>"; };
		E804631426A300BC0093598A /* hwcontext_vaapi.h */ = {isa = PBXFileReference; lastKnownFileType = sourcecode.c.h; path = hwcontext_vaapi.h; sourceTree = "<group>"; };
		E804631526A300BC0093598A /* spherical.h */ = {isa = PBXFileReference; lastKnownFileType = sourcecode.c.h; path = spherical.h; sourceTree = "<group>"; };
		E804631626A300BC0093598A /* lls.c */ = {isa = PBXFileReference; lastKnownFileType = sourcecode.c.c; path = lls.c; sourceTree = "<group>"; };
		E804631726A300BC0093598A /* tests */ = {isa = PBXFileReference; lastKnownFileType = folder; path = tests; sourceTree = "<group>"; };
		E804631826A300BC0093598A /* hwcontext_opencl.h */ = {isa = PBXFileReference; lastKnownFileType = sourcecode.c.h; path = hwcontext_opencl.h; sourceTree = "<group>"; };
		E804631926A300BC0093598A /* audio_fifo.h */ = {isa = PBXFileReference; lastKnownFileType = sourcecode.c.h; path = audio_fifo.h; sourceTree = "<group>"; };
		E804631A26A300BC0093598A /* tx_double.c */ = {isa = PBXFileReference; lastKnownFileType = sourcecode.c.c; path = tx_double.c; sourceTree = "<group>"; };
		E804631B26A300BC0093598A /* tree.h */ = {isa = PBXFileReference; lastKnownFileType = sourcecode.c.h; path = tree.h; sourceTree = "<group>"; };
		E804631C26A300BC0093598A /* softfloat_ieee754.h */ = {isa = PBXFileReference; lastKnownFileType = sourcecode.c.h; path = softfloat_ieee754.h; sourceTree = "<group>"; };
		E804631D26A300BC0093598A /* threadmessage.h */ = {isa = PBXFileReference; lastKnownFileType = sourcecode.c.h; path = threadmessage.h; sourceTree = "<group>"; };
		E804631E26A300BC0093598A /* film_grain_params.c */ = {isa = PBXFileReference; lastKnownFileType = sourcecode.c.c; path = film_grain_params.c; sourceTree = "<group>"; };
		E804631F26A300BC0093598A /* attributes.h */ = {isa = PBXFileReference; lastKnownFileType = sourcecode.c.h; path = attributes.h; sourceTree = "<group>"; };
		E804632026A300BC0093598A /* avstring.c */ = {isa = PBXFileReference; lastKnownFileType = sourcecode.c.c; path = avstring.c; sourceTree = "<group>"; };
		E804632126A300BC0093598A /* adler32.h */ = {isa = PBXFileReference; lastKnownFileType = sourcecode.c.h; path = adler32.h; sourceTree = "<group>"; };
		E804632226A300BC0093598A /* cuda_check.h */ = {isa = PBXFileReference; lastKnownFileType = sourcecode.c.h; path = cuda_check.h; sourceTree = "<group>"; };
		E804632326A300BC0093598A /* hwcontext_d3d11va.h */ = {isa = PBXFileReference; lastKnownFileType = sourcecode.c.h; path = hwcontext_d3d11va.h; sourceTree = "<group>"; };
		E804632426A300BC0093598A /* timecode.h */ = {isa = PBXFileReference; lastKnownFileType = sourcecode.c.h; path = timecode.h; sourceTree = "<group>"; };
		E804632526A300BC0093598A /* dovi_meta.h */ = {isa = PBXFileReference; lastKnownFileType = sourcecode.c.h; path = dovi_meta.h; sourceTree = "<group>"; };
		E804632626A300BC0093598A /* mathematics.c */ = {isa = PBXFileReference; lastKnownFileType = sourcecode.c.c; path = mathematics.c; sourceTree = "<group>"; };
		E804632726A300BC0093598A /* hash.c */ = {isa = PBXFileReference; lastKnownFileType = sourcecode.c.c; path = hash.c; sourceTree = "<group>"; };
		E804632826A300BC0093598A /* downmix_info.c */ = {isa = PBXFileReference; lastKnownFileType = sourcecode.c.c; path = downmix_info.c; sourceTree = "<group>"; };
		E804632926A300BC0093598A /* aes_ctr.c */ = {isa = PBXFileReference; lastKnownFileType = sourcecode.c.c; path = aes_ctr.c; sourceTree = "<group>"; };
		E804632A26A300BC0093598A /* softfloat_tables.h */ = {isa = PBXFileReference; lastKnownFileType = sourcecode.c.h; path = softfloat_tables.h; sourceTree = "<group>"; };
		E804632B26A300BC0093598A /* integer.c */ = {isa = PBXFileReference; lastKnownFileType = sourcecode.c.c; path = integer.c; sourceTree = "<group>"; };
		E804632C26A300BC0093598A /* tx.h */ = {isa = PBXFileReference; lastKnownFileType = sourcecode.c.h; path = tx.h; sourceTree = "<group>"; };
		E804632D26A300BC0093598A /* ffmath.h */ = {isa = PBXFileReference; lastKnownFileType = sourcecode.c.h; path = ffmath.h; sourceTree = "<group>"; };
		E804632E26A300BC0093598A /* sha512.h */ = {isa = PBXFileReference; lastKnownFileType = sourcecode.c.h; path = sha512.h; sourceTree = "<group>"; };
		E804632F26A300BC0093598A /* avsscanf.c */ = {isa = PBXFileReference; lastKnownFileType = sourcecode.c.c; path = avsscanf.c; sourceTree = "<group>"; };
		E804633026A300BC0093598A /* fixed_dsp.c */ = {isa = PBXFileReference; lastKnownFileType = sourcecode.c.c; path = fixed_dsp.c; sourceTree = "<group>"; };
		E804633126A300BC0093598A /* timer.h */ = {isa = PBXFileReference; lastKnownFileType = sourcecode.c.h; path = timer.h; sourceTree = "<group>"; };
		E804633226A300BC0093598A /* hwcontext_dxva2.h */ = {isa = PBXFileReference; lastKnownFileType = sourcecode.c.h; path = hwcontext_dxva2.h; sourceTree = "<group>"; };
		E804633326A300BC0093598A /* mips */ = {isa = PBXFileReference; lastKnownFileType = folder; path = mips; sourceTree = "<group>"; };
		E804633426A300BC0093598A /* fifo.c */ = {isa = PBXFileReference; lastKnownFileType = sourcecode.c.c; path = fifo.c; sourceTree = "<group>"; };
		E804633526A300BC0093598A /* time_internal.h */ = {isa = PBXFileReference; lastKnownFileType = sourcecode.c.h; path = time_internal.h; sourceTree = "<group>"; };
		E804633626A300BC0093598A /* color_utils.c */ = {isa = PBXFileReference; lastKnownFileType = sourcecode.c.c; path = color_utils.c; sourceTree = "<group>"; };
		E804633726A300BC0093598A /* tomi */ = {isa = PBXFileReference; lastKnownFileType = folder; path = tomi; sourceTree = "<group>"; };
		E804633826A300BC0093598A /* display.h */ = {isa = PBXFileReference; lastKnownFileType = sourcecode.c.h; path = display.h; sourceTree = "<group>"; };
		E804633926A300BC0093598A /* buffer.h */ = {isa = PBXFileReference; lastKnownFileType = sourcecode.c.h; path = buffer.h; sourceTree = "<group>"; };
		E804633A26A300BC0093598A /* hwcontext_mediacodec.c */ = {isa = PBXFileReference; lastKnownFileType = sourcecode.c.c; path = hwcontext_mediacodec.c; sourceTree = "<group>"; };
		E804633B26A300BC0093598A /* blowfish.c */ = {isa = PBXFileReference; lastKnownFileType = sourcecode.c.c; path = blowfish.c; sourceTree = "<group>"; };
		E804633C26A300BC0093598A /* camellia.h */ = {isa = PBXFileReference; lastKnownFileType = sourcecode.c.h; path = camellia.h; sourceTree = "<group>"; };
		E804633D26A300BC0093598A /* thread.h */ = {isa = PBXFileReference; lastKnownFileType = sourcecode.c.h; path = thread.h; sourceTree = "<group>"; };
		E804633E26A300BC0093598A /* pixelutils.h */ = {isa = PBXFileReference; lastKnownFileType = sourcecode.c.h; path = pixelutils.h; sourceTree = "<group>"; };
		E804633F26A300BC0093598A /* hwcontext_drm.h */ = {isa = PBXFileReference; lastKnownFileType = sourcecode.c.h; path = hwcontext_drm.h; sourceTree = "<group>"; };
		E804634026A300BC0093598A /* utils.c */ = {isa = PBXFileReference; lastKnownFileType = sourcecode.c.c; path = utils.c; sourceTree = "<group>"; };
		E804634126A300BC0093598A /* detection_bbox.c */ = {isa = PBXFileReference; lastKnownFileType = sourcecode.c.c; path = detection_bbox.c; sourceTree = "<group>"; };
		E804634226A300BC0093598A /* common.h */ = {isa = PBXFileReference; lastKnownFileType = sourcecode.c.h; path = common.h; sourceTree = "<group>"; };
		E804634326A300BC0093598A /* hmac.h */ = {isa = PBXFileReference; lastKnownFileType = sourcecode.c.h; path = hmac.h; sourceTree = "<group>"; };
		E804634426A300BC0093598A /* eval.h */ = {isa = PBXFileReference; lastKnownFileType = sourcecode.c.h; path = eval.h; sourceTree = "<group>"; };
		E804634526A300BC0093598A /* hwcontext_cuda.c */ = {isa = PBXFileReference; lastKnownFileType = sourcecode.c.c; path = hwcontext_cuda.c; sourceTree = "<group>"; };
		E804634626A300BC0093598A /* dict.h */ = {isa = PBXFileReference; lastKnownFileType = sourcecode.c.h; path = dict.h; sourceTree = "<group>"; };
		E804634726A300BC0093598A /* time.c */ = {isa = PBXFileReference; lastKnownFileType = sourcecode.c.c; path = time.c; sourceTree = "<group>"; };
		E804634826A300BC0093598A /* hwcontext.c */ = {isa = PBXFileReference; lastKnownFileType = sourcecode.c.c; path = hwcontext.c; sourceTree = "<group>"; };
		E804634926A300BC0093598A /* reverse.c */ = {isa = PBXFileReference; lastKnownFileType = sourcecode.c.c; path = reverse.c; sourceTree = "<group>"; };
		E804634A26A300BC0093598A /* .gitignore */ = {isa = PBXFileReference; lastKnownFileType = text; path = .gitignore; sourceTree = "<group>"; };
		E804634B26A300BC0093598A /* random_seed.h */ = {isa = PBXFileReference; lastKnownFileType = sourcecode.c.h; path = random_seed.h; sourceTree = "<group>"; };
		E804634C26A300BC0093598A /* error.c */ = {isa = PBXFileReference; lastKnownFileType = sourcecode.c.c; path = error.c; sourceTree = "<group>"; };
		E804634D26A300BC0093598A /* opt.h */ = {isa = PBXFileReference; lastKnownFileType = sourcecode.c.h; path = opt.h; sourceTree = "<group>"; };
		E804634E26A300BC0093598A /* mastering_display_metadata.h */ = {isa = PBXFileReference; lastKnownFileType = sourcecode.c.h; path = mastering_display_metadata.h; sourceTree = "<group>"; };
		E804634F26A300BC0093598A /* log.h */ = {isa = PBXFileReference; lastKnownFileType = sourcecode.c.h; path = log.h; sourceTree = "<group>"; };
		E804635026A300BC0093598A /* aes.h */ = {isa = PBXFileReference; lastKnownFileType = sourcecode.c.h; path = aes.h; sourceTree = "<group>"; };
		E804635126A300BC0093598A /* macros.h */ = {isa = PBXFileReference; lastKnownFileType = sourcecode.c.h; path = macros.h; sourceTree = "<group>"; };
		E804635226A300BC0093598A /* bswap.h */ = {isa = PBXFileReference; lastKnownFileType = sourcecode.c.h; path = bswap.h; sourceTree = "<group>"; };
		E804635326A300BC0093598A /* lfg.c */ = {isa = PBXFileReference; lastKnownFileType = sourcecode.c.c; path = lfg.c; sourceTree = "<group>"; };
		E804635426A300BC0093598A /* x86 */ = {isa = PBXFileReference; lastKnownFileType = folder; path = x86; sourceTree = "<group>"; };
		E804635526A300BC0093598A /* rc4.h */ = {isa = PBXFileReference; lastKnownFileType = sourcecode.c.h; path = rc4.h; sourceTree = "<group>"; };
		E804635626A300BC0093598A /* sha.c */ = {isa = PBXFileReference; lastKnownFileType = sourcecode.c.c; path = sha.c; sourceTree = "<group>"; };
		E804635726A300BC0093598A /* rational.c */ = {isa = PBXFileReference; lastKnownFileType = sourcecode.c.c; path = rational.c; sourceTree = "<group>"; };
		E804635826A300BC0093598A /* tea.h */ = {isa = PBXFileReference; lastKnownFileType = sourcecode.c.h; path = tea.h; sourceTree = "<group>"; };
		E804635926A300BC0093598A /* dynarray.h */ = {isa = PBXFileReference; lastKnownFileType = sourcecode.c.h; path = dynarray.h; sourceTree = "<group>"; };
		E804635A26A300BC0093598A /* cpu.h */ = {isa = PBXFileReference; lastKnownFileType = sourcecode.c.h; path = cpu.h; sourceTree = "<group>"; };
		E804635B26A300BC0093598A /* base64.c */ = {isa = PBXFileReference; lastKnownFileType = sourcecode.c.c; path = base64.c; sourceTree = "<group>"; };
		E804635C26A300BC0093598A /* lzo.h */ = {isa = PBXFileReference; lastKnownFileType = sourcecode.c.h; path = lzo.h; sourceTree = "<group>"; };
		E804635D26A300BC0093598A /* des.h */ = {isa = PBXFileReference; lastKnownFileType = sourcecode.c.h; path = des.h; sourceTree = "<group>"; };
		E804635E26A300BC0093598A /* channel_layout.h */ = {isa = PBXFileReference; lastKnownFileType = sourcecode.c.h; path = channel_layout.h; sourceTree = "<group>"; };
		E804635F26A300BC0093598A /* encryption_info.h */ = {isa = PBXFileReference; lastKnownFileType = sourcecode.c.h; path = encryption_info.h; sourceTree = "<group>"; };
		E804636026A300BC0093598A /* twofish.h */ = {isa = PBXFileReference; lastKnownFileType = sourcecode.c.h; path = twofish.h; sourceTree = "<group>"; };
		E804636126A300BC0093598A /* mem_internal.h */ = {isa = PBXFileReference; lastKnownFileType = sourcecode.c.h; path = mem_internal.h; sourceTree = "<group>"; };
		E804636226A300BC0093598A /* samplefmt.c */ = {isa = PBXFileReference; lastKnownFileType = sourcecode.c.c; path = samplefmt.c; sourceTree = "<group>"; };
		E804636326A300BC0093598A /* imgutils_internal.h */ = {isa = PBXFileReference; lastKnownFileType = sourcecode.c.h; path = imgutils_internal.h; sourceTree = "<group>"; };
		E804636426A300BC0093598A /* xga_font_data.c */ = {isa = PBXFileReference; lastKnownFileType = sourcecode.c.c; path = xga_font_data.c; sourceTree = "<group>"; };
		E804636526A300BC0093598A /* pixdesc.c */ = {isa = PBXFileReference; lastKnownFileType = sourcecode.c.c; path = pixdesc.c; sourceTree = "<group>"; };
		E804636626A300BC0093598A /* cpu_internal.h */ = {isa = PBXFileReference; lastKnownFileType = sourcecode.c.h; path = cpu_internal.h; sourceTree = "<group>"; };
		E804636726A300BC0093598A /* murmur3.c */ = {isa = PBXFileReference; lastKnownFileType = sourcecode.c.c; path = murmur3.c; sourceTree = "<group>"; };
		E804636826A300BC0093598A /* stereo3d.c */ = {isa = PBXFileReference; lastKnownFileType = sourcecode.c.c; path = stereo3d.c; sourceTree = "<group>"; };
		E804636926A300BC0093598A /* imgutils.h */ = {isa = PBXFileReference; lastKnownFileType = sourcecode.c.h; path = imgutils.h; sourceTree = "<group>"; };
		E804636A26A300BC0093598A /* slicethread.c */ = {isa = PBXFileReference; lastKnownFileType = sourcecode.c.c; path = slicethread.c; sourceTree = "<group>"; };
		E804636B26A300BC0093598A /* colorspace.h */ = {isa = PBXFileReference; lastKnownFileType = sourcecode.c.h; path = colorspace.h; sourceTree = "<group>"; };
		E804636C26A300BC0093598A /* spherical.c */ = {isa = PBXFileReference; lastKnownFileType = sourcecode.c.c; path = spherical.c; sourceTree = "<group>"; };
		E804636D26A300BC0093598A /* lls.h */ = {isa = PBXFileReference; lastKnownFileType = sourcecode.c.h; path = lls.h; sourceTree = "<group>"; };
		E804636E26A300BC0093598A /* md5.c */ = {isa = PBXFileReference; lastKnownFileType = sourcecode.c.c; path = md5.c; sourceTree = "<group>"; };
		E804636F26A300BC0093598A /* file.c */ = {isa = PBXFileReference; lastKnownFileType = sourcecode.c.c; path = file.c; sourceTree = "<group>"; };
		E804637026A300BC0093598A /* frame.c */ = {isa = PBXFileReference; lastKnownFileType = sourcecode.c.c; path = frame.c; sourceTree = "<group>"; };
		E804637126A300BC0093598A /* hwcontext_vaapi.c */ = {isa = PBXFileReference; lastKnownFileType = sourcecode.c.c; path = hwcontext_vaapi.c; sourceTree = "<group>"; };
		E804637226A300BC0093598A /* pca.c */ = {isa = PBXFileReference; lastKnownFileType = sourcecode.c.c; path = pca.c; sourceTree = "<group>"; };
		E804637326A300BC0093598A /* cast5.c */ = {isa = PBXFileReference; lastKnownFileType = sourcecode.c.c; path = cast5.c; sourceTree = "<group>"; };
		E804637426A300BC0093598A /* hwcontext_videotoolbox.h */ = {isa = PBXFileReference; lastKnownFileType = sourcecode.c.h; path = hwcontext_videotoolbox.h; sourceTree = "<group>"; };
		E804637526A300BC0093598A /* video_enc_params.h */ = {isa = PBXFileReference; lastKnownFileType = sourcecode.c.h; path = video_enc_params.h; sourceTree = "<group>"; };
		E804637626A300BC0093598A /* libm.h */ = {isa = PBXFileReference; lastKnownFileType = sourcecode.c.h; path = libm.h; sourceTree = "<group>"; };
		E804637726A300BC0093598A /* mem.h */ = {isa = PBXFileReference; lastKnownFileType = sourcecode.c.h; path = mem.h; sourceTree = "<group>"; };
		E804637826A300BC0093598A /* parseutils.h */ = {isa = PBXFileReference; lastKnownFileType = sourcecode.c.h; path = parseutils.h; sourceTree = "<group>"; };
		E804637926A300BC0093598A /* arm */ = {isa = PBXFileReference; lastKnownFileType = folder; path = arm; sourceTree = "<group>"; };
		E804637A26A300BC0093598A /* xtea.c */ = {isa = PBXFileReference; lastKnownFileType = sourcecode.c.c; path = xtea.c; sourceTree = "<group>"; };
		E804637B26A300BC0093598A /* float_dsp.c */ = {isa = PBXFileReference; lastKnownFileType = sourcecode.c.c; path = float_dsp.c; sourceTree = "<group>"; };
		E804637C26A300BC0093598A /* ripemd.h */ = {isa = PBXFileReference; lastKnownFileType = sourcecode.c.h; path = ripemd.h; sourceTree = "<group>"; };
		E804637D26A300BC0093598A /* crc.c */ = {isa = PBXFileReference; lastKnownFileType = sourcecode.c.c; path = crc.c; sourceTree = "<group>"; };
		E804637E26A300BC0093598A /* hwcontext_vdpau.c */ = {isa = PBXFileReference; lastKnownFileType = sourcecode.c.c; path = hwcontext_vdpau.c; sourceTree = "<group>"; };
		E804637F26A300BC0093598A /* bprint.h */ = {isa = PBXFileReference; lastKnownFileType = sourcecode.c.h; path = bprint.h; sourceTree = "<group>"; };
		E804638026A300BC0093598A /* hdr_dynamic_metadata.h */ = {isa = PBXFileReference; lastKnownFileType = sourcecode.c.h; path = hdr_dynamic_metadata.h; sourceTree = "<group>"; };
		E804638126A300BC0093598A /* hwcontext_qsv.h */ = {isa = PBXFileReference; lastKnownFileType = sourcecode.c.h; path = hwcontext_qsv.h; sourceTree = "<group>"; };
		E804638226A300BC0093598A /* pixfmt.h */ = {isa = PBXFileReference; lastKnownFileType = sourcecode.c.h; path = pixfmt.h; sourceTree = "<group>"; };
		E804638326A300BC0093598A /* softfloat.h */ = {isa = PBXFileReference; lastKnownFileType = sourcecode.c.h; path = softfloat.h; sourceTree = "<group>"; };
		E804638426A300BC0093598A /* libavutil.v */ = {isa = PBXFileReference; lastKnownFileType = text; path = libavutil.v; sourceTree = "<group>"; };
		E804638526A300BC0093598A /* intmath.c */ = {isa = PBXFileReference; lastKnownFileType = sourcecode.c.c; path = intmath.c; sourceTree = "<group>"; };
		E804638626A300BC0093598A /* hwcontext_vulkan.c */ = {isa = PBXFileReference; lastKnownFileType = sourcecode.c.c; path = hwcontext_vulkan.c; sourceTree = "<group>"; };
		E804638726A300BC0093598A /* integer.h */ = {isa = PBXFileReference; lastKnownFileType = sourcecode.c.h; path = integer.h; sourceTree = "<group>"; };
		E804638826A300BC0093598A /* qsort.h */ = {isa = PBXFileReference; lastKnownFileType = sourcecode.c.h; path = qsort.h; sourceTree = "<group>"; };
		E804638926A300BC0093598A /* aes_ctr.h */ = {isa = PBXFileReference; lastKnownFileType = sourcecode.c.h; path = aes_ctr.h; sourceTree = "<group>"; };
		E804638A26A300BC0093598A /* aarch64 */ = {isa = PBXFileReference; lastKnownFileType = folder; path = aarch64; sourceTree = "<group>"; };
		E804638B26A300BC0093598A /* tx_priv.h */ = {isa = PBXFileReference; lastKnownFileType = sourcecode.c.h; path = tx_priv.h; sourceTree = "<group>"; };
		E804638C26A300BC0093598A /* sha512.c */ = {isa = PBXFileReference; lastKnownFileType = sourcecode.c.c; path = sha512.c; sourceTree = "<group>"; };
		E804638D26A300BC0093598A /* tx.c */ = {isa = PBXFileReference; lastKnownFileType = sourcecode.c.c; path = tx.c; sourceTree = "<group>"; };
		E804638E26A300BC0093598A /* timestamp.h */ = {isa = PBXFileReference; lastKnownFileType = sourcecode.c.h; path = timestamp.h; sourceTree = "<group>"; };
		E804638F26A300BC0093598A /* bfin */ = {isa = PBXFileReference; lastKnownFileType = folder; path = bfin; sourceTree = "<group>"; };
		E804639026A300BC0093598A /* dovi_meta.c */ = {isa = PBXFileReference; lastKnownFileType = sourcecode.c.c; path = dovi_meta.c; sourceTree = "<group>"; };
		E804639126A300BC0093598A /* downmix_info.h */ = {isa = PBXFileReference; lastKnownFileType = sourcecode.c.h; path = downmix_info.h; sourceTree = "<group>"; };
		E804639226A300BC0093598A /* avassert.h */ = {isa = PBXFileReference; lastKnownFileType = sourcecode.c.h; path = avassert.h; sourceTree = "<group>"; };
		E804639326A300BC0093598A /* hash.h */ = {isa = PBXFileReference; lastKnownFileType = sourcecode.c.h; path = hash.h; sourceTree = "<group>"; };
		E804639426A300BC0093598A /* wchar_filename.h */ = {isa = PBXFileReference; lastKnownFileType = sourcecode.c.h; path = wchar_filename.h; sourceTree = "<group>"; };
		E804639526A300BC0093598A /* mathematics.h */ = {isa = PBXFileReference; lastKnownFileType = sourcecode.c.h; path = mathematics.h; sourceTree = "<group>"; };
		E804639626A300BC0093598A /* aes_internal.h */ = {isa = PBXFileReference; lastKnownFileType = sourcecode.c.h; path = aes_internal.h; sourceTree = "<group>"; };
		E804639726A300BC0093598A /* hwcontext_d3d11va.c */ = {isa = PBXFileReference; lastKnownFileType = sourcecode.c.c; path = hwcontext_d3d11va.c; sourceTree = "<group>"; };
		E804639826A300BC0093598A /* adler32.c */ = {isa = PBXFileReference; lastKnownFileType = sourcecode.c.c; path = adler32.c; sourceTree = "<group>"; };
		E804639926A300BC0093598A /* intreadwrite.h */ = {isa = PBXFileReference; lastKnownFileType = sourcecode.c.h; path = intreadwrite.h; sourceTree = "<group>"; };
		E804639A26A300BC0093598A /* film_grain_params.h */ = {isa = PBXFileReference; lastKnownFileType = sourcecode.c.h; path = film_grain_params.h; sourceTree = "<group>"; };
		E804639B26A300BC0093598A /* avstring.h */ = {isa = PBXFileReference; lastKnownFileType = sourcecode.c.h; path = avstring.h; sourceTree = "<group>"; };
		E804639C26A300BC0093598A /* timecode.c */ = {isa = PBXFileReference; lastKnownFileType = sourcecode.c.c; path = timecode.c; sourceTree = "<group>"; };
		E804639D26A300BC0093598A /* audio_fifo.c */ = {isa = PBXFileReference; lastKnownFileType = sourcecode.c.c; path = audio_fifo.c; sourceTree = "<group>"; };
		E804639E26A300BC0093598A /* hwcontext_opencl.c */ = {isa = PBXFileReference; lastKnownFileType = sourcecode.c.c; path = hwcontext_opencl.c; sourceTree = "<group>"; };
		E804639F26A300BC0093598A /* tx_float.c */ = {isa = PBXFileReference; lastKnownFileType = sourcecode.c.c; path = tx_float.c; sourceTree = "<group>"; };
		E80463A026A300BC0093598A /* threadmessage.c */ = {isa = PBXFileReference; lastKnownFileType = sourcecode.c.c; path = threadmessage.c; sourceTree = "<group>"; };
		E80463A126A300BC0093598A /* tree.c */ = {isa = PBXFileReference; lastKnownFileType = sourcecode.c.c; path = tree.c; sourceTree = "<group>"; };
/* End PBXFileReference section */

/* Begin PBXGroup section */
		E80462BC26A300BC0093598A = {
			isa = PBXGroup;
			children = (
				E80462C226A300BC0093598A /* reverse.h */,
				E80462C326A300BC0093598A /* hwcontext.h */,
				E80462C426A300BC0093598A /* time.h */,
				E80462C526A300BC0093598A /* dict.c */,
				E80462C626A300BC0093598A /* hwcontext_cuda.h */,
				E80462C726A300BC0093598A /* intfloat.h */,
				E80462C826A300BC0093598A /* aes.c */,
				E80462C926A300BC0093598A /* mastering_display_metadata.c */,
				E80462CA26A300BC0093598A /* log.c */,
				E80462CB26A300BC0093598A /* opt.c */,
				E80462CC26A300BC0093598A /* error.h */,
				E80462CD26A300BC0093598A /* random_seed.c */,
				E80462CE26A300BC0093598A /* pixelutils.c */,
				E80462CF26A300BC0093598A /* hwcontext_drm.c */,
				E80462D026A300BC0093598A /* avutilres.rc */,
				E80462D126A300BC0093598A /* eval.c */,
				E80462D226A300BC0093598A /* hmac.c */,
				E80462D326A300BC0093598A /* detection_bbox.h */,
				E80462D426A300BC0093598A /* color_utils.h */,
				E80462D526A300BC0093598A /* fifo.h */,
				E80462D626A300BC0093598A /* hwcontext_dxva2.c */,
				E80462D726A300BC0093598A /* camellia.c */,
				E80462D826A300BC0093598A /* blowfish.h */,
				E80462D926A300BC0093598A /* hwcontext_mediacodec.h */,
				E80462DA26A300BC0093598A /* buffer.c */,
				E80462DB26A300BC0093598A /* display.c */,
				E80462DC26A300BC0093598A /* avr32 */,
				E80462DD26A300BC0093598A /* replaygain.h */,
				E80462DE26A300BC0093598A /* internal.h */,
				E80462DF26A300BC0093598A /* tablegen.h */,
				E80462E026A300BC0093598A /* fixed_dsp.h */,
				E80462E126A300BC0093598A /* file_open.c */,
				E80462E226A300BC0093598A /* sh4 */,
				E80462E326A300BC0093598A /* version.h */,
				E80462E426A300BC0093598A /* murmur3.h */,
				E80462E526A300BC0093598A /* imgutils.c */,
				E80462E626A300BC0093598A /* slicethread.h */,
				E80462E726A300BC0093598A /* stereo3d.h */,
				E80462E826A300BC0093598A /* buffer_internal.h */,
				E80462E926A300BC0093598A /* samplefmt.h */,
				E80462EA26A300BC0093598A /* twofish.c */,
				E80462EB26A300BC0093598A /* hwcontext_internal.h */,
				E80462EC26A300BC0093598A /* pixdesc.h */,
				E80462ED26A300BC0093598A /* xga_font_data.h */,
				E80462EE26A300BC0093598A /* cpu.c */,
				E80462EF26A300BC0093598A /* base64.h */,
				E80462F026A300BC0093598A /* tea.c */,
				E80462F126A300BC0093598A /* rational.h */,
				E80462F226A300BC0093598A /* sha.h */,
				E80462F326A300BC0093598A /* rc4.c */,
				E80462F426A300BC0093598A /* motion_vector.h */,
				E80462F526A300BC0093598A /* encryption_info.c */,
				E80462F626A300BC0093598A /* channel_layout.c */,
				E80462F726A300BC0093598A /* des.c */,
				E80462F826A300BC0093598A /* lzo.c */,
				E80462F926A300BC0093598A /* lfg.h */,
				E80462FA26A300BC0093598A /* avutil.h */,
				E80462FB26A300BC0093598A /* hwcontext_qsv.c */,
				E80462FC26A300BC0093598A /* hwcontext_vulkan.h */,
				E80462FD26A300BC0093598A /* intmath.h */,
				E80462FE26A300BC0093598A /* tx_template.c */,
				E80462FF26A300BC0093598A /* Makefile */,
				E804630026A300BC0093598A /* xtea.h */,
				E804630126A300BC0093598A /* parseutils.c */,
				E804630226A300BC0093598A /* mem.c */,
				E804630326A300BC0093598A /* hwcontext_cuda_internal.h */,
				E804630426A300BC0093598A /* log2_tab.c */,
				E804630526A300BC0093598A /* hdr_dynamic_metadata.c */,
				E804630626A300BC0093598A /* bprint.c */,
				E804630726A300BC0093598A /* crc.h */,
				E804630826A300BC0093598A /* hwcontext_vdpau.h */,
				E804630926A300BC0093598A /* ripemd.c */,
				E804630A26A300BC0093598A /* float_dsp.h */,
				E804630B26A300BC0093598A /* frame.h */,
				E804630C26A300BC0093598A /* tx_int32.c */,
				E804630D26A300BC0093598A /* file.h */,
				E804630E26A300BC0093598A /* md5.h */,
				E804630F26A300BC0093598A /* ppc */,
				E804631026A300BC0093598A /* video_enc_params.c */,
				E804631126A300BC0093598A /* hwcontext_videotoolbox.c */,
				E804631226A300BC0093598A /* cast5.h */,
				E804631326A300BC0093598A /* pca.h */,
				E804631426A300BC0093598A /* hwcontext_vaapi.h */,
				E804631526A300BC0093598A /* spherical.h */,
				E804631626A300BC0093598A /* lls.c */,
				E804631726A300BC0093598A /* tests */,
				E804631826A300BC0093598A /* hwcontext_opencl.h */,
				E804631926A300BC0093598A /* audio_fifo.h */,
				E804631A26A300BC0093598A /* tx_double.c */,
				E804631B26A300BC0093598A /* tree.h */,
				E804631C26A300BC0093598A /* softfloat_ieee754.h */,
				E804631D26A300BC0093598A /* threadmessage.h */,
				E804631E26A300BC0093598A /* film_grain_params.c */,
				E804631F26A300BC0093598A /* attributes.h */,
				E804632026A300BC0093598A /* avstring.c */,
				E804632126A300BC0093598A /* adler32.h */,
				E804632226A300BC0093598A /* cuda_check.h */,
				E804632326A300BC0093598A /* hwcontext_d3d11va.h */,
				E804632426A300BC0093598A /* timecode.h */,
				E804632526A300BC0093598A /* dovi_meta.h */,
				E804632626A300BC0093598A /* mathematics.c */,
				E804632726A300BC0093598A /* hash.c */,
				E804632826A300BC0093598A /* downmix_info.c */,
				E804632926A300BC0093598A /* aes_ctr.c */,
				E804632A26A300BC0093598A /* softfloat_tables.h */,
				E804632B26A300BC0093598A /* integer.c */,
				E804632C26A300BC0093598A /* tx.h */,
				E804632D26A300BC0093598A /* ffmath.h */,
				E804632E26A300BC0093598A /* sha512.h */,
				E804632F26A300BC0093598A /* avsscanf.c */,
				E804633026A300BC0093598A /* fixed_dsp.c */,
				E804633126A300BC0093598A /* timer.h */,
				E804633226A300BC0093598A /* hwcontext_dxva2.h */,
				E804633326A300BC0093598A /* mips */,
				E804633426A300BC0093598A /* fifo.c */,
				E804633526A300BC0093598A /* time_internal.h */,
				E804633626A300BC0093598A /* color_utils.c */,
				E804633726A300BC0093598A /* tomi */,
				E804633826A300BC0093598A /* display.h */,
				E804633926A300BC0093598A /* buffer.h */,
				E804633A26A300BC0093598A /* hwcontext_mediacodec.c */,
				E804633B26A300BC0093598A /* blowfish.c */,
				E804633C26A300BC0093598A /* camellia.h */,
				E804633D26A300BC0093598A /* thread.h */,
				E804633E26A300BC0093598A /* pixelutils.h */,
				E804633F26A300BC0093598A /* hwcontext_drm.h */,
				E804634026A300BC0093598A /* utils.c */,
				E804634126A300BC0093598A /* detection_bbox.c */,
				E804634226A300BC0093598A /* common.h */,
				E804634326A300BC0093598A /* hmac.h */,
				E804634426A300BC0093598A /* eval.h */,
				E804634526A300BC0093598A /* hwcontext_cuda.c */,
				E804634626A300BC0093598A /* dict.h */,
				E804634726A300BC0093598A /* time.c */,
				E804634826A300BC0093598A /* hwcontext.c */,
				E804634926A300BC0093598A /* reverse.c */,
				E804634A26A300BC0093598A /* .gitignore */,
				E804634B26A300BC0093598A /* random_seed.h */,
				E804634C26A300BC0093598A /* error.c */,
				E804634D26A300BC0093598A /* opt.h */,
				E804634E26A300BC0093598A /* mastering_display_metadata.h */,
				E804634F26A300BC0093598A /* log.h */,
				E804635026A300BC0093598A /* aes.h */,
				E804635126A300BC0093598A /* macros.h */,
				E804635226A300BC0093598A /* bswap.h */,
				E804635326A300BC0093598A /* lfg.c */,
				E804635426A300BC0093598A /* x86 */,
				E804635526A300BC0093598A /* rc4.h */,
				E804635626A300BC0093598A /* sha.c */,
				E804635726A300BC0093598A /* rational.c */,
				E804635826A300BC0093598A /* tea.h */,
				E804635926A300BC0093598A /* dynarray.h */,
				E804635A26A300BC0093598A /* cpu.h */,
				E804635B26A300BC0093598A /* base64.c */,
				E804635C26A300BC0093598A /* lzo.h */,
				E804635D26A300BC0093598A /* des.h */,
				E804635E26A300BC0093598A /* channel_layout.h */,
				E804635F26A300BC0093598A /* encryption_info.h */,
				E804636026A300BC0093598A /* twofish.h */,
				E804636126A300BC0093598A /* mem_internal.h */,
				E804636226A300BC0093598A /* samplefmt.c */,
				E804636326A300BC0093598A /* imgutils_internal.h */,
				E804636426A300BC0093598A /* xga_font_data.c */,
				E804636526A300BC0093598A /* pixdesc.c */,
				E804636626A300BC0093598A /* cpu_internal.h */,
				E804636726A300BC0093598A /* murmur3.c */,
				E804636826A300BC0093598A /* stereo3d.c */,
				E804636926A300BC0093598A /* imgutils.h */,
				E804636A26A300BC0093598A /* slicethread.c */,
				E804636B26A300BC0093598A /* colorspace.h */,
				E804636C26A300BC0093598A /* spherical.c */,
				E804636D26A300BC0093598A /* lls.h */,
				E804636E26A300BC0093598A /* md5.c */,
				E804636F26A300BC0093598A /* file.c */,
				E804637026A300BC0093598A /* frame.c */,
				E804637126A300BC0093598A /* hwcontext_vaapi.c */,
				E804637226A300BC0093598A /* pca.c */,
				E804637326A300BC0093598A /* cast5.c */,
				E804637426A300BC0093598A /* hwcontext_videotoolbox.h */,
				E804637526A300BC0093598A /* video_enc_params.h */,
				E804637626A300BC0093598A /* libm.h */,
				E804637726A300BC0093598A /* mem.h */,
				E804637826A300BC0093598A /* parseutils.h */,
				E804637926A300BC0093598A /* arm */,
				E804637A26A300BC0093598A /* xtea.c */,
				E804637B26A300BC0093598A /* float_dsp.c */,
				E804637C26A300BC0093598A /* ripemd.h */,
				E804637D26A300BC0093598A /* crc.c */,
				E804637E26A300BC0093598A /* hwcontext_vdpau.c */,
				E804637F26A300BC0093598A /* bprint.h */,
				E804638026A300BC0093598A /* hdr_dynamic_metadata.h */,
				E804638126A300BC0093598A /* hwcontext_qsv.h */,
				E804638226A300BC0093598A /* pixfmt.h */,
				E804638326A300BC0093598A /* softfloat.h */,
				E804638426A300BC0093598A /* libavutil.v */,
				E804638526A300BC0093598A /* intmath.c */,
				E804638626A300BC0093598A /* hwcontext_vulkan.c */,
				E804638726A300BC0093598A /* integer.h */,
				E804638826A300BC0093598A /* qsort.h */,
				E804638926A300BC0093598A /* aes_ctr.h */,
				E804638A26A300BC0093598A /* aarch64 */,
				E804638B26A300BC0093598A /* tx_priv.h */,
				E804638C26A300BC0093598A /* sha512.c */,
				E804638D26A300BC0093598A /* tx.c */,
				E804638E26A300BC0093598A /* timestamp.h */,
				E804638F26A300BC0093598A /* bfin */,
				E804639026A300BC0093598A /* dovi_meta.c */,
				E804639126A300BC0093598A /* downmix_info.h */,
				E804639226A300BC0093598A /* avassert.h */,
				E804639326A300BC0093598A /* hash.h */,
				E804639426A300BC0093598A /* wchar_filename.h */,
				E804639526A300BC0093598A /* mathematics.h */,
				E804639626A300BC0093598A /* aes_internal.h */,
				E804639726A300BC0093598A /* hwcontext_d3d11va.c */,
				E804639826A300BC0093598A /* adler32.c */,
				E804639926A300BC0093598A /* intreadwrite.h */,
				E804639A26A300BC0093598A /* film_grain_params.h */,
				E804639B26A300BC0093598A /* avstring.h */,
				E804639C26A300BC0093598A /* timecode.c */,
				E804639D26A300BC0093598A /* audio_fifo.c */,
				E804639E26A300BC0093598A /* hwcontext_opencl.c */,
				E804639F26A300BC0093598A /* tx_float.c */,
				E80463A026A300BC0093598A /* threadmessage.c */,
				E80463A126A300BC0093598A /* tree.c */,
			);
			sourceTree = "<group>";
		};
/* End PBXGroup section */

/* Begin PBXLegacyTarget section */
		E80462C126A300BC0093598A /* libavutil */ = {
			isa = PBXLegacyTarget;
			buildArgumentsString = "$(ACTION)";
			buildConfigurationList = E80463A226A300BC0093598A /* Build configuration list for PBXLegacyTarget "libavutil" */;
			buildPhases = (
			);
			buildToolPath = /usr/bin/make;
			buildWorkingDirectory = /Users/silence/Documents/Code/FFmpeg/FFmpeg/libavutil;
			dependencies = (
			);
			name = libavutil;
			passBuildSettingsInEnvironment = 1;
			productName = libavutil;
		};
/* End PBXLegacyTarget section */

/* Begin PBXProject section */
		E80462BD26A300BC0093598A /* Project object */ = {
			isa = PBXProject;
			attributes = {
			};
			buildConfigurationList = E80462C026A300BC0093598A /* Build configuration list for PBXProject "libavutil" */;
			compatibilityVersion = "Xcode 9.3";
			developmentRegion = en;
			hasScannedForEncodings = 0;
			knownRegions = (
				en,
				Base,
			);
			mainGroup = E80462BC26A300BC0093598A;
			projectDirPath = "";
			projectRoot = "";
			targets = (
				E80462C126A300BC0093598A /* libavutil */,
			);
		};
/* End PBXProject section */

/* Begin XCBuildConfiguration section */
		E80462BE26A300BC0093598A /* Debug */ = {
			isa = XCBuildConfiguration;
			buildSettings = {
				ARCHS = "$(ARCHS_STANDARD_32_BIT)";
				COPY_PHASE_STRIP = NO;
				GCC_WARN_ABOUT_RETURN_TYPE = YES;
				GCC_WARN_UNUSED_VARIABLE = YES;
				ONLY_ACTIVE_ARCH = YES;
				SDKROOT = macosx10.6;
			};
			name = Debug;
		};
		E80462BF26A300BC0093598A /* Release */ = {
			isa = XCBuildConfiguration;
			buildSettings = {
				ARCHS = "$(ARCHS_STANDARD_32_BIT)";
				COPY_PHASE_STRIP = YES;
				GCC_WARN_ABOUT_RETURN_TYPE = YES;
				GCC_WARN_UNUSED_VARIABLE = YES;
				SDKROOT = macosx10.6;
			};
			name = Release;
		};
		E80463A326A300BC0093598A /* Debug */ = {
			isa = XCBuildConfiguration;
			buildSettings = {
				COPY_PHASE_STRIP = NO;
				DEBUGGING_SYMBOLS = YES;
				GCC_DYNAMIC_NO_PIC = NO;
				GCC_ENABLE_FIX_AND_CONTINUE = YES;
				GCC_GENERATE_DEBUGGING_SYMBOLS = YES;
				GCC_OPTIMIZATION_LEVEL = 0;
				OTHER_CFLAGS = "";
				OTHER_LDFLAGS = "";
				PRODUCT_NAME = libavutil;
			};
			name = Debug;
		};
		E80463A426A300BC0093598A /* Release */ = {
			isa = XCBuildConfiguration;
			buildSettings = {
				COPY_PHASE_STRIP = YES;
				DEBUG_INFORMATION_FORMAT = "dwarf-with-dsym";
				GCC_ENABLE_FIX_AND_CONTINUE = NO;
				OTHER_CFLAGS = "";
				OTHER_LDFLAGS = "";
				PRODUCT_NAME = libavutil;
			};
			name = Release;
		};
/* End XCBuildConfiguration section */

/* Begin XCConfigurationList section */
		E80462C026A300BC0093598A /* Build configuration list for PBXProject "libavutil" */ = {
			isa = XCConfigurationList;
			buildConfigurations = (
				E80462BE26A300BC0093598A /* Debug */,
				E80462BF26A300BC0093598A /* Release */,
			);
			defaultConfigurationIsVisible = 0;
			defaultConfigurationName = Release;
		};
		E80463A226A300BC0093598A /* Build configuration list for PBXLegacyTarget "libavutil" */ = {
			isa = XCConfigurationList;
			buildConfigurations = (
				E80463A326A300BC0093598A /* Debug */,
				E80463A426A300BC0093598A /* Release */,
			);
			defaultConfigurationIsVisible = 0;
			defaultConfigurationName = Release;
		};
/* End XCConfigurationList section */
	};
	rootObject = E80462BD26A300BC0093598A /* Project object */;
}
