// !$*UTF8*$!
{
	archiveVersion = 1;
	classes = {
	};
	objectVersion = 50;
	objects = {

/* Begin PBXFileReference section */
		E804579E26A300B10093598A /* cmdutils.h */ = {isa = PBXFileReference; lastKnownFileType = sourcecode.c.h; path = cmdutils.h; sourceTree = "<group>"; };
		E804579F26A300B10093598A /* ffmpeg_opt.c */ = {isa = PBXFileReference; lastKnownFileType = sourcecode.c.c; path = ffmpeg_opt.c; sourceTree = "<group>"; };
		E80457A026A300B10093598A /* ffmpeg.h */ = {isa = PBXFileReference; lastKnownFileType = sourcecode.c.h; path = ffmpeg.h; sourceTree = "<group>"; };
		E80457A126A300B10093598A /* ffplay.c */ = {isa = PBXFileReference; lastKnownFileType = sourcecode.c.c; path = ffplay.c; sourceTree = "<group>"; };
		E80457A226A300B10093598A /* Makefile */ = {isa = PBXFileReference; lastKnownFileType = sourcecode.make; path = Makefile; sourceTree = "<group>"; };
		E80457A326A300B10093598A /* ffmpeg_filter.c */ = {isa = PBXFileReference; lastKnownFileType = sourcecode.c.c; path = ffmpeg_filter.c; sourceTree = "<group>"; };
		E80457A426A300B10093598A /* ffmpeg_hw.c */ = {isa = PBXFileReference; lastKnownFileType = sourcecode.c.c; path = ffmpeg_hw.c; sourceTree = "<group>"; };
		E80457A526A300B10093598A /* ffprobe.c */ = {isa = PBXFileReference; lastKnownFileType = sourcecode.c.c; path = ffprobe.c; sourceTree = "<group>"; };
		E80457A626A300B10093598A /* cmdutils.c */ = {isa = PBXFileReference; lastKnownFileType = sourcecode.c.c; path = cmdutils.c; sourceTree = "<group>"; };
		E80457A726A300B10093598A /* ffmpeg_qsv.c */ = {isa = PBXFileReference; lastKnownFileType = sourcecode.c.c; path = ffmpeg_qsv.c; sourceTree = "<group>"; };
		E80457A826A300B10093598A /* ffmpeg.c */ = {isa = PBXFileReference; lastKnownFileType = sourcecode.c.c; path = ffmpeg.c; sourceTree = "<group>"; };
		E80457A926A300B10093598A /* ffmpeg_videotoolbox.c */ = {isa = PBXFileReference; lastKnownFileType = sourcecode.c.c; path = ffmpeg_videotoolbox.c; sourceTree = "<group>"; };
/* End PBXFileReference section */

/* Begin PBXGroup section */
		E804579826A300B10093598A = {
			isa = PBXGroup;
			children = (
				E804579E26A300B10093598A /* cmdutils.h */,
				E804579F26A300B10093598A /* ffmpeg_opt.c */,
				E80457A026A300B10093598A /* ffmpeg.h */,
				E80457A126A300B10093598A /* ffplay.c */,
				E80457A226A300B10093598A /* Makefile */,
				E80457A326A300B10093598A /* ffmpeg_filter.c */,
				E80457A426A300B10093598A /* ffmpeg_hw.c */,
				E80457A526A300B10093598A /* ffprobe.c */,
				E80457A626A300B10093598A /* cmdutils.c */,
				E80457A726A300B10093598A /* ffmpeg_qsv.c */,
				E80457A826A300B10093598A /* ffmpeg.c */,
				E80457A926A300B10093598A /* ffmpeg_videotoolbox.c */,
			);
			sourceTree = "<group>";
		};
/* End PBXGroup section */

/* Begin PBXLegacyTarget section */
		E804579D26A300B10093598A /* fftools */ = {
			isa = PBXLegacyTarget;
			buildArgumentsString = "$(ACTION)";
			buildConfigurationList = E80457AA26A300B10093598A /* Build configuration list for PBXLegacyTarget "fftools" */;
			buildPhases = (
			);
			buildToolPath = /usr/bin/make;
			buildWorkingDirectory = /Users/silence/Documents/Code/FFmpeg/FFmpeg/fftools;
			dependencies = (
			);
			name = fftools;
			passBuildSettingsInEnvironment = 1;
			productName = fftools;
		};
/* End PBXLegacyTarget section */

/* Begin PBXProject section */
		E804579926A300B10093598A /* Project object */ = {
			isa = PBXProject;
			attributes = {
			};
			buildConfigurationList = E804579C26A300B10093598A /* Build configuration list for PBXProject "fftools" */;
			compatibilityVersion = "Xcode 9.3";
			developmentRegion = en;
			hasScannedForEncodings = 0;
			knownRegions = (
				en,
				Base,
			);
			mainGroup = E804579826A300B10093598A;
			projectDirPath = "";
			projectRoot = "";
			targets = (
				E804579D26A300B10093598A /* fftools */,
			);
		};
/* End PBXProject section */

/* Begin XCBuildConfiguration section */
		E804579A26A300B10093598A /* Debug */ = {
			isa = XCBuildConfiguration;
			buildSettings = {
				ARCHS = "$(ARCHS_STANDARD_32_BIT)";
				COPY_PHASE_STRIP = NO;
				GCC_WARN_ABOUT_RETURN_TYPE = YES;
				GCC_WARN_UNUSED_VARIABLE = YES;
				ONLY_ACTIVE_ARCH = YES;
				SDKROOT = macosx10.6;
			};
			name = Debug;
		};
		E804579B26A300B10093598A /* Release */ = {
			isa = XCBuildConfiguration;
			buildSettings = {
				ARCHS = "$(ARCHS_STANDARD_32_BIT)";
				COPY_PHASE_STRIP = YES;
				GCC_WARN_ABOUT_RETURN_TYPE = YES;
				GCC_WARN_UNUSED_VARIABLE = YES;
				SDKROOT = macosx10.6;
			};
			name = Release;
		};
		E80457AB26A300B10093598A /* Debug */ = {
			isa = XCBuildConfiguration;
			buildSettings = {
				COPY_PHASE_STRIP = NO;
				DEBUGGING_SYMBOLS = YES;
				GCC_DYNAMIC_NO_PIC = NO;
				GCC_ENABLE_FIX_AND_CONTINUE = YES;
				GCC_GENERATE_DEBUGGING_SYMBOLS = YES;
				GCC_OPTIMIZATION_LEVEL = 0;
				OTHER_CFLAGS = "";
				OTHER_LDFLAGS = "";
				PRODUCT_NAME = fftools;
			};
			name = Debug;
		};
		E80457AC26A300B10093598A /* Release */ = {
			isa = XCBuildConfiguration;
			buildSettings = {
				COPY_PHASE_STRIP = YES;
				DEBUG_INFORMATION_FORMAT = "dwarf-with-dsym";
				GCC_ENABLE_FIX_AND_CONTINUE = NO;
				OTHER_CFLAGS = "";
				OTHER_LDFLAGS = "";
				PRODUCT_NAME = fftools;
			};
			name = Release;
		};
/* End XCBuildConfiguration section */

/* Begin XCConfigurationList section */
		E804579C26A300B10093598A /* Build configuration list for PBXProject "fftools" */ = {
			isa = XCConfigurationList;
			buildConfigurations = (
				E804579A26A300B10093598A /* Debug */,
				E804579B26A300B10093598A /* Release */,
			);
			defaultConfigurationIsVisible = 0;
			defaultConfigurationName = Release;
		};
		E80457AA26A300B10093598A /* Build configuration list for PBXLegacyTarget "fftools" */ = {
			isa = XCConfigurationList;
			buildConfigurations = (
				E80457AB26A300B10093598A /* Debug */,
				E80457AC26A300B10093598A /* Release */,
			);
			defaultConfigurationIsVisible = 0;
			defaultConfigurationName = Release;
		};
/* End XCConfigurationList section */
	};
	rootObject = E804579926A300B10093598A /* Project object */;
}
