// !$*UTF8*$!
{
	archiveVersion = 1;
	classes = {
	};
	objectVersion = 50;
	objects = {

/* Begin PBXFileReference section */
		E80463AB26A300BC0093598A /* postprocess_altivec_template.c */ = {isa = PBXFileReference; lastKnownFileType = sourcecode.c.c; path = postprocess_altivec_template.c; sourceTree = "<group>"; };
		E80463AC26A300BC0093598A /* version.h */ = {isa = PBXFileReference; lastKnownFileType = sourcecode.c.h; path = version.h; sourceTree = "<group>"; };
		E80463AD26A300BC0093598A /* postprocess.c */ = {isa = PBXFileReference; lastKnownFileType = sourcecode.c.c; path = postprocess.c; sourceTree = "<group>"; };
		E80463AE26A300BC0093598A /* Makefile */ = {isa = PBXFileReference; lastKnownFileType = sourcecode.make; path = Makefile; sourceTree = "<group>"; };
		E80463AF26A300BC0093598A /* postprocres.rc */ = {isa = PBXFileReference; lastKnownFileType = text; path = postprocres.rc; sourceTree = "<group>"; };
		E80463B026A300BC0093598A /* postprocess_internal.h */ = {isa = PBXFileReference; lastKnownFileType = sourcecode.c.h; path = postprocess_internal.h; sourceTree = "<group>"; };
		E80463B126A300BC0093598A /* postprocess.h */ = {isa = PBXFileReference; lastKnownFileType = sourcecode.c.h; path = postprocess.h; sourceTree = "<group>"; };
		E80463B226A300BC0093598A /* postprocess_template.c */ = {isa = PBXFileReference; lastKnownFileType = sourcecode.c.c; path = postprocess_template.c; sourceTree = "<group>"; };
		E80463B326A300BC0093598A /* libpostproc.v */ = {isa = PBXFileReference; lastKnownFileType = text; path = libpostproc.v; sourceTree = "<group>"; };
/* End PBXFileReference section */

/* Begin PBXGroup section */
		E80463A526A300BC0093598A = {
			isa = PBXGroup;
			children = (
				E80463AB26A300BC0093598A /* postprocess_altivec_template.c */,
				E80463AC26A300BC0093598A /* version.h */,
				E80463AD26A300BC0093598A /* postprocess.c */,
				E80463AE26A300BC0093598A /* Makefile */,
				E80463AF26A300BC0093598A /* postprocres.rc */,
				E80463B026A300BC0093598A /* postprocess_internal.h */,
				E80463B126A300BC0093598A /* postprocess.h */,
				E80463B226A300BC0093598A /* postprocess_template.c */,
				E80463B326A300BC0093598A /* libpostproc.v */,
			);
			sourceTree = "<group>";
		};
/* End PBXGroup section */

/* Begin PBXLegacyTarget section */
		E80463AA26A300BC0093598A /* libpostproc */ = {
			isa = PBXLegacyTarget;
			buildArgumentsString = "$(ACTION)";
			buildConfigurationList = E80463B426A300BC0093598A /* Build configuration list for PBXLegacyTarget "libpostproc" */;
			buildPhases = (
			);
			buildToolPath = /usr/bin/make;
			buildWorkingDirectory = /Users/silence/Documents/Code/FFmpeg/FFmpeg/libpostproc;
			dependencies = (
			);
			name = libpostproc;
			passBuildSettingsInEnvironment = 1;
			productName = libpostproc;
		};
/* End PBXLegacyTarget section */

/* Begin PBXProject section */
		E80463A626A300BC0093598A /* Project object */ = {
			isa = PBXProject;
			attributes = {
			};
			buildConfigurationList = E80463A926A300BC0093598A /* Build configuration list for PBXProject "libpostproc" */;
			compatibilityVersion = "Xcode 9.3";
			developmentRegion = en;
			hasScannedForEncodings = 0;
			knownRegions = (
				en,
				Base,
			);
			mainGroup = E80463A526A300BC0093598A;
			projectDirPath = "";
			projectRoot = "";
			targets = (
				E80463AA26A300BC0093598A /* libpostproc */,
			);
		};
/* End PBXProject section */

/* Begin XCBuildConfiguration section */
		E80463A726A300BC0093598A /* Debug */ = {
			isa = XCBuildConfiguration;
			buildSettings = {
				ARCHS = "$(ARCHS_STANDARD_32_BIT)";
				COPY_PHASE_STRIP = NO;
				GCC_WARN_ABOUT_RETURN_TYPE = YES;
				GCC_WARN_UNUSED_VARIABLE = YES;
				ONLY_ACTIVE_ARCH = YES;
				SDKROOT = macosx10.6;
			};
			name = Debug;
		};
		E80463A826A300BC0093598A /* Release */ = {
			isa = XCBuildConfiguration;
			buildSettings = {
				ARCHS = "$(ARCHS_STANDARD_32_BIT)";
				COPY_PHASE_STRIP = YES;
				GCC_WARN_ABOUT_RETURN_TYPE = YES;
				GCC_WARN_UNUSED_VARIABLE = YES;
				SDKROOT = macosx10.6;
			};
			name = Release;
		};
		E80463B526A300BC0093598A /* Debug */ = {
			isa = XCBuildConfiguration;
			buildSettings = {
				COPY_PHASE_STRIP = NO;
				DEBUGGING_SYMBOLS = YES;
				GCC_DYNAMIC_NO_PIC = NO;
				GCC_ENABLE_FIX_AND_CONTINUE = YES;
				GCC_GENERATE_DEBUGGING_SYMBOLS = YES;
				GCC_OPTIMIZATION_LEVEL = 0;
				OTHER_CFLAGS = "";
				OTHER_LDFLAGS = "";
				PRODUCT_NAME = libpostproc;
			};
			name = Debug;
		};
		E80463B626A300BC0093598A /* Release */ = {
			isa = XCBuildConfiguration;
			buildSettings = {
				COPY_PHASE_STRIP = YES;
				DEBUG_INFORMATION_FORMAT = "dwarf-with-dsym";
				GCC_ENABLE_FIX_AND_CONTINUE = NO;
				OTHER_CFLAGS = "";
				OTHER_LDFLAGS = "";
				PRODUCT_NAME = libpostproc;
			};
			name = Release;
		};
/* End XCBuildConfiguration section */

/* Begin XCConfigurationList section */
		E80463A926A300BC0093598A /* Build configuration list for PBXProject "libpostproc" */ = {
			isa = XCConfigurationList;
			buildConfigurations = (
				E80463A726A300BC0093598A /* Debug */,
				E80463A826A300BC0093598A /* Release */,
			);
			defaultConfigurationIsVisible = 0;
			defaultConfigurationName = Release;
		};
		E80463B426A300BC0093598A /* Build configuration list for PBXLegacyTarget "libpostproc" */ = {
			isa = XCConfigurationList;
			buildConfigurations = (
				E80463B526A300BC0093598A /* Debug */,
				E80463B626A300BC0093598A /* Release */,
			);
			defaultConfigurationIsVisible = 0;
			defaultConfigurationName = Release;
		};
/* End XCConfigurationList section */
	};
	rootObject = E80463A626A300BC0093598A /* Project object */;
}
